
Microsoft Visual Studio Solution File, Format Version 12.00
# Visual Studio 15
VisualStudioVersion = 15.0.28307.168
MinimumVisualStudioVersion = 10.0.40219.1
Project("{FAE04EC0-301F-11D3-BF4B-00C04F79EFBC}") = "Donors", "Donors\Donors.csproj", "{4B265F2D-7D98-4DCC-9CFE-CDFFE1C61F29}"
EndProject
Project("{00D1A9C2-B5F0-4AF3-8072-F6C62B433612}") = "BloodBankData", "BloodBankData\BloodBankData.sqlproj", "{4508F8BF-1F15-4F04-920E-67882F5AFA53}"
EndProject
Project("{FAE04EC0-301F-11D3-BF4B-00C04F79EFBC}") = "donorwpf", "..\donorwpf\donorwpf\donorwpf.csproj", "{A4D959CD-C1E4-403C-AC1F-0004EB628459}"
EndProject
Global
	GlobalSection(SolutionConfigurationPlatforms) = preSolution
		Debug|Any CPU = Debug|Any CPU
		Release|Any CPU = Release|Any CPU
	EndGlobalSection
	GlobalSection(ProjectConfigurationPlatforms) = postSolution
		{4B265F2D-7D98-4DCC-9CFE-CDFFE1C61F29}.Debug|Any CPU.ActiveCfg = Debug|Any CPU
		{4B265F2D-7D98-4DCC-9CFE-CDFFE1C61F29}.Debug|Any CPU.Build.0 = Debug|Any CPU
		{4B265F2D-7D98-4DCC-9CFE-CDFFE1C61F29}.Release|Any CPU.ActiveCfg = Release|Any CPU
		{4B265F2D-7D98-4DCC-9CFE-CDFFE1C61F29}.Release|Any CPU.Build.0 = Release|Any CPU
		{4508F8BF-1F15-4F04-920E-67882F5AFA53}.Debug|Any CPU.ActiveCfg = Debug|Any CPU
		{4508F8BF-1F15-4F04-920E-67882F5AFA53}.Debug|Any CPU.Build.0 = Debug|Any CPU
		{4508F8BF-1F15-4F04-920E-67882F5AFA53}.Debug|Any CPU.Deploy.0 = Debug|Any CPU
		{4508F8BF-1F15-4F04-920E-67882F5AFA53}.Release|Any CPU.ActiveCfg = Release|Any CPU
		{4508F8BF-1F15-4F04-920E-67882F5AFA53}.Release|Any CPU.Build.0 = Release|Any CPU
		{4508F8BF-1F15-4F04-920E-67882F5AFA53}.Release|Any CPU.Deploy.0 = Release|Any CPU
		{A4D959CD-C1E4-403C-AC1F-0004EB628459}.Debug|Any CPU.ActiveCfg = Debug|Any CPU
		{A4D959CD-C1E4-403C-AC1F-0004EB628459}.Debug|Any CPU.Build.0 = Debug|Any CPU
		{A4D959CD-C1E4-403C-AC1F-0004EB628459}.Release|Any CPU.ActiveCfg = Release|Any CPU
		{A4D959CD-C1E4-403C-AC1F-0004EB628459}.Release|Any CPU.Build.0 = Release|Any CPU
	EndGlobalSection
	GlobalSection(SolutionProperties) = preSolution
		HideSolutionNode = FALSE
	EndGlobalSection
	GlobalSection(ExtensibilityGlobals) = postSolution
		SolutionGuid = {74C70410-B1FA-49C3-8774-BB4F2C849AC8}
	EndGlobalSection
EndGlobal
